
Microsoft Visual Studio Solution File, Format Version 12.00
# Visual Studio Version 16
VisualStudioVersion = 16.0.30611.23
MinimumVisualStudioVersion = 10.0.40219.1
Project("{FAE04EC0-301F-11D3-BF4B-00C04F79EFBC}") = "EnvioDeCorreos", "EnvioDeCorreos\EnvioDeCorreos.csproj", "{A65D68FB-D4F8-4D66-B1A6-235260F2CC1F}"
EndProject
Global
	GlobalSection(SolutionConfigurationPlatforms) = preSolution
		Debug|Any CPU = Debug|Any CPU
		Release|Any CPU = Release|Any CPU
	EndGlobalSection
	GlobalSection(ProjectConfigurationPlatforms) = postSolution
		{A65D68FB-D4F8-4D66-B1A6-235260F2CC1F}.Debug|Any CPU.ActiveCfg = Debug|Any CPU
		{A65D68FB-D4F8-4D66-B1A6-235260F2CC1F}.Debug|Any CPU.Build.0 = Debug|Any CPU
		{A65D68FB-D4F8-4D66-B1A6-235260F2CC1F}.Release|Any CPU.ActiveCfg = Release|Any CPU
		{A65D68FB-D4F8-4D66-B1A6-235260F2CC1F}.Release|Any CPU.Build.0 = Release|Any CPU
	EndGlobalSection
	GlobalSection(SolutionProperties) = preSolution
		HideSolutionNode = FALSE
	EndGlobalSection
	GlobalSection(ExtensibilityGlobals) = postSolution
		SolutionGuid = {6249EF60-2FCF-4862-9315-7E7EA21864B5}
	EndGlobalSection
EndGlobal
